
Microsoft Visual Studio Solution File, Format Version 12.00
# Visual Studio 15
VisualStudioVersion = 15.0.28307.438
MinimumVisualStudioVersion = 10.0.40219.1
Project("{FAE04EC0-301F-11D3-BF4B-00C04F79EFBC}") = "CABESO", "CABESO\CABESO.csproj", "{9EFA86F6-1528-4E01-8F4E-DD5F9425EF53}"
EndProject
Global
	GlobalSection(SolutionConfigurationPlatforms) = preSolution
		Debug|Any CPU = Debug|Any CPU
		Release|Any CPU = Release|Any CPU
	EndGlobalSection
	GlobalSection(ProjectConfigurationPlatforms) = postSolution
		{9EFA86F6-1528-4E01-8F4E-DD5F9425EF53}.Debug|Any CPU.ActiveCfg = Debug|Any CPU
		{9EFA86F6-1528-4E01-8F4E-DD5F9425EF53}.Debug|Any CPU.Build.0 = Debug|Any CPU
		{9EFA86F6-1528-4E01-8F4E-DD5F9425EF53}.Release|Any CPU.ActiveCfg = Release|Any CPU
		{9EFA86F6-1528-4E01-8F4E-DD5F9425EF53}.Release|Any CPU.Build.0 = Release|Any CPU
	EndGlobalSection
	GlobalSection(SolutionProperties) = preSolution
		HideSolutionNode = FALSE
	EndGlobalSection
	GlobalSection(ExtensibilityGlobals) = postSolution
		SolutionGuid = {0C0FFFB6-B1DA-4812-BE09-18A853A369D5}
	EndGlobalSection
EndGlobal
